# This file is generated by `embr install`; do not edit it manually.
version = 2

[[package]]
name = "lm-loleris/profilestore"
version = "1.0.3"
environment = "server"
link = "ProfileStore"
index = "https://github.com/UpliftGames/wally-index"
type = "zip"
url = "https://api.wally.run/v1/package-contents/lm-loleris/profilestore/1.0.3"

[[package]]
name = "molyidev/signal"
version = "1.0.3"
environment = "roblox"
link = "Signal"
index = "https://github.com/pesde-pkg/index"
type = "tar-gz"
url = "https://registry.pesde.daimond113.com/v1/packages/molyidev%2Fsignal/1.0.3/roblox/archive"
