# This file is generated by `lpm install`; do not edit it manually.
version = 2

[[package]]
name = "alicesaidhi/conch"
version = "0.4.0-rc.9"
environment = "roblox"
link = "Conch"
index = "https://github.com/UpliftGames/wally-index"
type = "zip"
url = "https://api.wally.run/v1/package-contents/alicesaidhi/conch/0.4.0-rc.9"

[[package]]
name = "alicesaidhi/conch-language"
version = "0.4.0-rc.9"
environment = "roblox"
index = "https://github.com/UpliftGames/wally-index"
type = "zip"
url = "https://api.wally.run/v1/package-contents/alicesaidhi/conch-language/0.4.0-rc.9"

[[package]]
name = "alicesaidhi/conch-ui"
version = "0.4.0-rc.9"
environment = "roblox"
link = "ConchUi"
index = "https://github.com/UpliftGames/wally-index"
type = "zip"
url = "https://api.wally.run/v1/package-contents/alicesaidhi/conch-ui/0.4.0-rc.9"

[package.redirects]
vide = "centau/vide"

[[package]]
name = "cameronpcampbell/typeforge"
version = "3.0.5"
environment = "roblox"
link = "TypeForge"
index = "https://github.com/UpliftGames/wally-index"
type = "zip"
url = "https://api.wally.run/v1/package-contents/cameronpcampbell/typeforge/3.0.5"

[[package]]
name = "centau/vide"
version = "0.4.1"
environment = "roblox"
link = "Vide"
index = "https://github.com/UpliftGames/wally-index"
type = "zip"
url = "https://api.wally.run/v1/package-contents/centau/vide/0.4.1"

[package.patch]
path = "patches/centau_vide@0.4.1.patch"
hash = "c247ad14795ffc49"

[[package]]
name = "evaera/promise"
version = "4.0.0"
environment = "roblox"
index = "https://github.com/UpliftGames/wally-index"
type = "zip"
url = "https://api.wally.run/v1/package-contents/evaera/promise/4.0.0"

[[package]]
name = "howmanysmall/typed-promise"
version = "4.0.6"
environment = "roblox"
link = "Promise"
index = "https://github.com/UpliftGames/wally-index"
type = "zip"
url = "https://api.wally.run/v1/package-contents/howmanysmall/typed-promise/4.0.6"

[[package]]
name = "littensy/charm"
version = "0.11.0"
environment = "roblox"
link = "Charm"
index = "https://github.com/UpliftGames/wally-index"
type = "zip"
url = "https://api.wally.run/v1/package-contents/littensy/charm/0.11.0"

[[package]]
name = "littensy/charm-sync"
version = "0.4.0"
environment = "roblox"
link = "CharmSync"
index = "https://github.com/UpliftGames/wally-index"
type = "zip"
url = "https://api.wally.run/v1/package-contents/littensy/charm-sync/0.4.0"

[package.redirects]
Charm = "littensy/charm"

[[package]]
name = "littensy/vide-charm"
version = "0.4.0"
environment = "roblox"
link = "VideCharm"
index = "https://github.com/UpliftGames/wally-index"
type = "zip"
url = "https://api.wally.run/v1/package-contents/littensy/vide-charm/0.4.0"

[[package]]
name = "lm-loleris/profilestore"
version = "1.0.3"
environment = "server"
link = "ProfileStore"
index = "https://github.com/UpliftGames/wally-index"
type = "zip"
url = "https://api.wally.run/v1/package-contents/lm-loleris/profilestore/1.0.3"

[[package]]
name = "molyidev/signal"
version = "1.0.3"
environment = "roblox"
link = "Signal"
index = "https://github.com/pesde-pkg/index"
type = "tar-gz"
url = "https://registry.pesde.daimond113.com/v1/packages/molyidev%2Fsignal/1.0.3/roblox/archive"

[[package]]
name = "pepeeltoro41/ui-labs"
version = "2.4.2"
environment = "roblox"
link = "UiLabs"
index = "https://github.com/UpliftGames/wally-index"
type = "zip"
url = "https://api.wally.run/v1/package-contents/pepeeltoro41/ui-labs/2.4.2"

[[package]]
name = "sirmallard/iris"
version = "2.5.1"
environment = "roblox"
link = "Iris"
index = "https://github.com/UpliftGames/wally-index"
type = "zip"
url = "https://api.wally.run/v1/package-contents/sirmallard/iris/2.5.1"

[[package]]
name = "synttx/scythe"
version = "1.2.1"
environment = "roblox"
link = "Scythe"
index = "https://github.com/UpliftGames/wally-index"
type = "zip"
url = "https://api.wally.run/v1/package-contents/synttx/scythe/1.2.1"

[[package]]
name = "synttx/vow"
version = "1.0.1"
environment = "roblox"
link = "Vow"
index = "https://github.com/UpliftGames/wally-index"
type = "zip"
url = "https://api.wally.run/v1/package-contents/synttx/vow/1.0.1"
